
Microsoft Visual Studio Solution File, Format Version 12.00
# Visual Studio Version 16
VisualStudioVersion = 16.0.29201.188
MinimumVisualStudioVersion = 10.0.40219.1
Project("{FAE04EC0-301F-11D3-BF4B-00C04F79EFBC}") = "PingPong", "PingPong\PingPong.csproj", "{4C742518-57EE-49FC-B12E-3D8C5A44AB60}"
EndProject
Global
	GlobalSection(SolutionConfigurationPlatforms) = preSolution
		Debug|Any CPU = Debug|Any CPU
		Release|Any CPU = Release|Any CPU
	EndGlobalSection
	GlobalSection(ProjectConfigurationPlatforms) = postSolution
		{4C742518-57EE-49FC-B12E-3D8C5A44AB60}.Debug|Any CPU.ActiveCfg = Debug|Any CPU
		{4C742518-57EE-49FC-B12E-3D8C5A44AB60}.Debug|Any CPU.Build.0 = Debug|Any CPU
		{4C742518-57EE-49FC-B12E-3D8C5A44AB60}.Release|Any CPU.ActiveCfg = Release|Any CPU
		{4C742518-57EE-49FC-B12E-3D8C5A44AB60}.Release|Any CPU.Build.0 = Release|Any CPU
	EndGlobalSection
	GlobalSection(SolutionProperties) = preSolution
		HideSolutionNode = FALSE
	EndGlobalSection
	GlobalSection(ExtensibilityGlobals) = postSolution
		SolutionGuid = {7A79FD59-BB53-450C-9C68-9E5F92A32A8A}
	EndGlobalSection
EndGlobal
